// !$*UTF8*$!
{
	archiveVersion = 1;
	classes = {
	};
	objectVersion = 46;
	objects = {

/* Begin PBXBuildFile section */
		853E491F1B8C5E8E004F7D6F /* main.m in Sources */ = {isa = PBXBuildFile; fileRef = 853E491E1B8C5E8E004F7D6F /* main.m */; };
		853E49221B8C5E8E004F7D6F /* AppDelegate.m in Sources */ = {isa = PBXBuildFile; fileRef = 853E49211B8C5E8E004F7D6F /* AppDelegate.m */; };
		853E49251B8C5E8E004F7D6F /* ViewController.m in Sources */ = {isa = PBXBuildFile; fileRef = 853E49241B8C5E8E004F7D6F /* ViewController.m */; };
		853E49281B8C5E8E004F7D6F /* Main.storyboard in Resources */ = {isa = PBXBuildFile; fileRef = 853E49261B8C5E8E004F7D6F /* Main.storyboard */; };
		853E492A1B8C5E8E004F7D6F /* Images.xcassets in Resources */ = {isa = PBXBuildFile; fileRef = 853E49291B8C5E8E004F7D6F /* Images.xcassets */; };
		853E492D1B8C5E8E004F7D6F /* LaunchScreen.xib in Resources */ = {isa = PBXBuildFile; fileRef = 853E492B1B8C5E8E004F7D6F /* LaunchScreen.xib */; };
		853E49391B8C5E8F004F7D6F /* Demo03_GitHub_TestTests.m in Sources */ = {isa = PBXBuildFile; fileRef = 853E49381B8C5E8F004F7D6F /* Demo03_GitHub_TestTests.m */; };
/* End PBXBuildFile section */

/* Begin PBXContainerItemProxy section */
		853E49331B8C5E8F004F7D6F /* PBXContainerItemProxy */ = {
			isa = PBXContainerItemProxy;
			containerPortal = 853E49111B8C5E8E004F7D6F /* Project object */;
			proxyType = 1;
			remoteGlobalIDString = 853E49181B8C5E8E004F7D6F;
			remoteInfo = "Demo03-GitHub-Test";
		};
/* End PBXContainerItemProxy section */

/* Begin PBXFileReference section */
		853E49191B8C5E8E004F7D6F /* Demo03-GitHub-Test.app */ = {isa = PBXFileReference; explicitFileType = wrapper.application; includeInIndex = 0; path = "Demo03-GitHub-Test.app"; sourceTree = BUILT_PRODUCTS_DIR; };
		853E491D1B8C5E8E004F7D6F /* Info.plist */ = {isa = PBXFileReference; lastKnownFileType = text.plist.xml; path = Info.plist; sourceTree = "<group>"; };
		853E491E1B8C5E8E004F7D6F /* main.m */ = {isa = PBXFileReference; lastKnownFileType = sourcecode.c.objc; path = main.m; sourceTree = "<group>"; };
		853E49201B8C5E8E004F7D6F /* AppDelegate.h */ = {isa = PBXFileReference; lastKnownFileType = sourcecode.c.h; path = AppDelegate.h; sourceTree = "<group>"; };
		853E49211B8C5E8E004F7D6F /* AppDelegate.m */ = {isa = PBXFileReference; lastKnownFileType = sourcecode.c.objc; path = AppDelegate.m; sourceTree = "<group>"; };
		853E49231B8C5E8E004F7D6F /* ViewController.h */ = {isa = PBXFileReference; lastKnownFileType = sourcecode.c.h; path = ViewController.h; sourceTree = "<group>"; };
		853E49241B8C5E8E004F7D6F /* ViewController.m */ = {isa = PBXFileReference; lastKnownFileType = sourcecode.c.objc; path = ViewController.m; sourceTree = "<group>"; };
		853E49271B8C5E8E004F7D6F /* Base */ = {isa = PBXFileReference; lastKnownFileType = file.storyboard; name = Base; path = Base.lproj/Main.storyboard; sourceTree = "<group>"; };
		853E49291B8C5E8E004F7D6F /* Images.xcassets */ = {isa = PBXFileReference; lastKnownFileType = folder.assetcatalog; path = Images.xcassets; sourceTree = "<group>"; };
		853E492C1B8C5E8E004F7D6F /* Base */ = {isa = PBXFileReference; lastKnownFileType = file.xib; name = Base; path = Base.lproj/LaunchScreen.xib; sourceTree = "<group>"; };
		853E49321B8C5E8F004F7D6F /* Demo03-GitHub-TestTests.xctest */ = {isa = PBXFileReference; explicitFileType = wrapper.cfbundle; includeInIndex = 0; path = "Demo03-GitHub-TestTests.xctest"; sourceTree = BUILT_PRODUCTS_DIR; };
		853E49371B8C5E8F004F7D6F /* Info.plist */ = {isa = PBXFileReference; lastKnownFileType = text.plist.xml; path = Info.plist; sourceTree = "<group>"; };
		853E49381B8C5E8F004F7D6F /* Demo03_GitHub_TestTests.m */ = {isa = PBXFileReference; lastKnownFileType = sourcecode.c.objc; path = Demo03_GitHub_TestTests.m; sourceTree = "<group>"; };
/* End PBXFileReference section */

/* Begin PBXFrameworksBuildPhase section */
		853E49161B8C5E8E004F7D6F /* Frameworks */ = {
			isa = PBXFrameworksBuildPhase;
			buildActionMask = 2147483647;
			files = (
			);
			runOnlyForDeploymentPostprocessing = 0;
		};
		853E492F1B8C5E8F004F7D6F /* Frameworks */ = {
			isa = PBXFrameworksBuildPhase;
			buildActionMask = 2147483647;
			files = (
			);
			runOnlyForDeploymentPostprocessing = 0;
		};
/* End PBXFrameworksBuildPhase section */

/* Begin PBXGroup section */
		853E49101B8C5E8E004F7D6F = {
			isa = PBXGroup;
			children = (
				853E491B1B8C5E8E004F7D6F /* Demo03-GitHub-Test */,
				853E49351B8C5E8F004F7D6F /* Demo03-GitHub-TestTests */,
				853E491A1B8C5E8E004F7D6F /* Products */,
			);
			sourceTree = "<group>";
		};
		853E491A1B8C5E8E004F7D6F /* Products */ = {
			isa = PBXGroup;
			children = (
				853E49191B8C5E8E004F7D6F /* Demo03-GitHub-Test.app */,
				853E49321B8C5E8F004F7D6F /* Demo03-GitHub-TestTests.xctest */,
			);
			name = Products;
			sourceTree = "<group>";
		};
		853E491B1B8C5E8E004F7D6F /* Demo03-GitHub-Test */ = {
			isa = PBXGroup;
			children = (
				853E49201B8C5E8E004F7D6F /* AppDelegate.h */,
				853E49211B8C5E8E004F7D6F /* AppDelegate.m */,
				853E49231B8C5E8E004F7D6F /* ViewController.h */,
				853E49241B8C5E8E004F7D6F /* ViewController.m */,
				853E49261B8C5E8E004F7D6F /* Main.storyboard */,
				853E49291B8C5E8E004F7D6F /* Images.xcassets */,
				853E492B1B8C5E8E004F7D6F /* LaunchScreen.xib */,
				853E491C1B8C5E8E004F7D6F /* Supporting Files */,
			);
			path = "Demo03-GitHub-Test";
			sourceTree = "<group>";
		};
		853E491C1B8C5E8E004F7D6F /* Supporting Files */ = {
			isa = PBXGroup;
			children = (
				853E491D1B8C5E8E004F7D6F /* Info.plist */,
				853E491E1B8C5E8E004F7D6F /* main.m */,
			);
			name = "Supporting Files";
			sourceTree = "<group>";
		};
		853E49351B8C5E8F004F7D6F /* Demo03-GitHub-TestTests */ = {
			isa = PBXGroup;
			children = (
				853E49381B8C5E8F004F7D6F /* Demo03_GitHub_TestTests.m */,
				853E49361B8C5E8F004F7D6F /* Supporting Files */,
			);
			path = "Demo03-GitHub-TestTests";
			sourceTree = "<group>";
		};
		853E49361B8C5E8F004F7D6F /* Supporting Files */ = {
			isa = PBXGroup;
			children = (
				853E49371B8C5E8F004F7D6F /* Info.plist */,
			);
			name = "Supporting Files";
			sourceTree = "<group>";
		};
/* End PBXGroup section */

/* Begin PBXNativeTarget section */
		853E49181B8C5E8E004F7D6F /* Demo03-GitHub-Test */ = {
			isa = PBXNativeTarget;
			buildConfigurationList = 853E493C1B8C5E8F004F7D6F /* Build configuration list for PBXNativeTarget "Demo03-GitHub-Test" */;
			buildPhases = (
				853E49151B8C5E8E004F7D6F /* Sources */,
				853E49161B8C5E8E004F7D6F /* Frameworks */,
				853E49171B8C5E8E004F7D6F /* Resources */,
			);
			buildRules = (
			);
			dependencies = (
			);
			name = "Demo03-GitHub-Test";
			productName = "Demo03-GitHub-Test";
			productReference = 853E49191B8C5E8E004F7D6F /* Demo03-GitHub-Test.app */;
			productType = "com.apple.product-type.application";
		};
		853E49311B8C5E8F004F7D6F /* Demo03-GitHub-TestTests */ = {
			isa = PBXNativeTarget;
			buildConfigurationList = 853E493F1B8C5E8F004F7D6F /* Build configuration list for PBXNativeTarget "Demo03-GitHub-TestTests" */;
			buildPhases = (
				853E492E1B8C5E8F004F7D6F /* Sources */,
				853E492F1B8C5E8F004F7D6F /* Frameworks */,
				853E49301B8C5E8F004F7D6F /* Resources */,
			);
			buildRules = (
			);
			dependencies = (
				853E49341B8C5E8F004F7D6F /* PBXTargetDependency */,
			);
			name = "Demo03-GitHub-TestTests";
			productName = "Demo03-GitHub-TestTests";
			productReference = 853E49321B8C5E8F004F7D6F /* Demo03-GitHub-TestTests.xctest */;
			productType = "com.apple.product-type.bundle.unit-test";
		};
/* End PBXNativeTarget section */

/* Begin PBXProject section */
		853E49111B8C5E8E004F7D6F /* Project object */ = {
			isa = PBXProject;
			attributes = {
				LastUpgradeCheck = 0630;
				ORGANIZATIONNAME = tarena;
				TargetAttributes = {
					853E49181B8C5E8E004F7D6F = {
						CreatedOnToolsVersion = 6.3;
					};
					853E49311B8C5E8F004F7D6F = {
						CreatedOnToolsVersion = 6.3;
						TestTargetID = 853E49181B8C5E8E004F7D6F;
					};
				};
			};
			buildConfigurationList = 853E49141B8C5E8E004F7D6F /* Build configuration list for PBXProject "Demo03-GitHub-Test" */;
			compatibilityVersion = "Xcode 3.2";
			developmentRegion = English;
			hasScannedForEncodings = 0;
			knownRegions = (
				en,
				Base,
			);
			mainGroup = 853E49101B8C5E8E004F7D6F;
			productRefGroup = 853E491A1B8C5E8E004F7D6F /* Products */;
			projectDirPath = "";
			projectRoot = "";
			targets = (
				853E49181B8C5E8E004F7D6F /* Demo03-GitHub-Test */,
				853E49311B8C5E8F004F7D6F /* Demo03-GitHub-TestTests */,
			);
		};
/* End PBXProject section */

/* Begin PBXResourcesBuildPhase section */
		853E49171B8C5E8E004F7D6F /* Resources */ = {
			isa = PBXResourcesBuildPhase;
			buildActionMask = 2147483647;
			files = (
				853E49281B8C5E8E004F7D6F /* Main.storyboard in Resources */,
				853E492D1B8C5E8E004F7D6F /* LaunchScreen.xib in Resources */,
				853E492A1B8C5E8E004F7D6F /* Images.xcassets in Resources */,
			);
			runOnlyForDeploymentPostprocessing = 0;
		};
		853E49301B8C5E8F004F7D6F /* Resources */ = {
			isa = PBXResourcesBuildPhase;
			buildActionMask = 2147483647;
			files = (
			);
			runOnlyForDeploymentPostprocessing = 0;
		};
/* End PBXResourcesBuildPhase section */

/* Begin PBXSourcesBuildPhase section */
		853E49151B8C5E8E004F7D6F /* Sources */ = {
			isa = PBXSourcesBuildPhase;
			buildActionMask = 2147483647;
			files = (
				853E49251B8C5E8E004F7D6F /* ViewController.m in Sources */,
				853E49221B8C5E8E004F7D6F /* AppDelegate.m in Sources */,
				853E491F1B8C5E8E004F7D6F /* main.m in Sources */,
			);
			runOnlyForDeploymentPostprocessing = 0;
		};
		853E492E1B8C5E8F004F7D6F /* Sources */ = {
			isa = PBXSourcesBuildPhase;
			buildActionMask = 2147483647;
			files = (
				853E49391B8C5E8F004F7D6F /* Demo03_GitHub_TestTests.m in Sources */,
			);
			runOnlyForDeploymentPostprocessing = 0;
		};
/* End PBXSourcesBuildPhase section */

/* Begin PBXTargetDependency section */
		853E49341B8C5E8F004F7D6F /* PBXTargetDependency */ = {
			isa = PBXTargetDependency;
			target = 853E49181B8C5E8E004F7D6F /* Demo03-GitHub-Test */;
			targetProxy = 853E49331B8C5E8F004F7D6F /* PBXContainerItemProxy */;
		};
/* End PBXTargetDependency section */

/* Begin PBXVariantGroup section */
		853E49261B8C5E8E004F7D6F /* Main.storyboard */ = {
			isa = PBXVariantGroup;
			children = (
				853E49271B8C5E8E004F7D6F /* Base */,
			);
			name = Main.storyboard;
			sourceTree = "<group>";
		};
		853E492B1B8C5E8E004F7D6F /* LaunchScreen.xib */ = {
			isa = PBXVariantGroup;
			children = (
				853E492C1B8C5E8E004F7D6F /* Base */,
			);
			name = LaunchScreen.xib;
			sourceTree = "<group>";
		};
/* End PBXVariantGroup section */

/* Begin XCBuildConfiguration section */
		853E493A1B8C5E8F004F7D6F /* Debug */ = {
			isa = XCBuildConfiguration;
			buildSettings = {
				ALWAYS_SEARCH_USER_PATHS = NO;
				CLANG_CXX_LANGUAGE_STANDARD = "gnu++0x";
				CLANG_CXX_LIBRARY = "libc++";
				CLANG_ENABLE_MODULES = YES;
				CLANG_ENABLE_OBJC_ARC = YES;
				CLANG_WARN_BOOL_CONVERSION = YES;
				CLANG_WARN_CONSTANT_CONVERSION = YES;
				CLANG_WARN_DIRECT_OBJC_ISA_USAGE = YES_ERROR;
				CLANG_WARN_EMPTY_BODY = YES;
				CLANG_WARN_ENUM_CONVERSION = YES;
				CLANG_WARN_INT_CONVERSION = YES;
				CLANG_WARN_OBJC_ROOT_CLASS = YES_ERROR;
				CLANG_WARN_UNREACHABLE_CODE = YES;
				CLANG_WARN__DUPLICATE_METHOD_MATCH = YES;
				"CODE_SIGN_IDENTITY[sdk=iphoneos*]" = "iPhone Developer";
				COPY_PHASE_STRIP = NO;
				DEBUG_INFORMATION_FORMAT = "dwarf-with-dsym";
				ENABLE_STRICT_OBJC_MSGSEND = YES;
				GCC_C_LANGUAGE_STANDARD = gnu99;
				GCC_DYNAMIC_NO_PIC = NO;
				GCC_NO_COMMON_BLOCKS = YES;
				GCC_OPTIMIZATION_LEVEL = 0;
				GCC_PREPROCESSOR_DEFINITIONS = (
					"DEBUG=1",
					"$(inherited)",
				);
				GCC_SYMBOLS_PRIVATE_EXTERN = NO;
				GCC_WARN_64_TO_32_BIT_CONVERSION = YES;
				GCC_WARN_ABOUT_RETURN_TYPE = YES_ERROR;
				GCC_WARN_UNDECLARED_SELECTOR = YES;
				GCC_WARN_UNINITIALIZED_AUTOS = YES_AGGRESSIVE;
				GCC_WARN_UNUSED_FUNCTION = YES;
				GCC_WARN_UNUSED_VARIABLE = YES;
				IPHONEOS_DEPLOYMENT_TARGET = 8.3;
				MTL_ENABLE_DEBUG_INFO = YES;
				ONLY_ACTIVE_ARCH = YES;
				SDKROOT = iphoneos;
			};
			name = Debug;
		};
		853E493B1B8C5E8F004F7D6F /* Release */ = {
			isa = XCBuildConfiguration;
			buildSettings = {
				ALWAYS_SEARCH_USER_PATHS = NO;
				CLANG_CXX_LANGUAGE_STANDARD = "gnu++0x";
				CLANG_CXX_LIBRARY = "libc++";
				CLANG_ENABLE_MODULES = YES;
				CLANG_ENABLE_OBJC_ARC = YES;
				CLANG_WARN_BOOL_CONVERSION = YES;
				CLANG_WARN_CONSTANT_CONVERSION = YES;
				CLANG_WARN_DIRECT_OBJC_ISA_USAGE = YES_ERROR;
				CLANG_WARN_EMPTY_BODY = YES;
				CLANG_WARN_ENUM_CONVERSION = YES;
				CLANG_WARN_INT_CONVERSION = YES;
				CLANG_WARN_OBJC_ROOT_CLASS = YES_ERROR;
				CLANG_WARN_UNREACHABLE_CODE = YES;
				CLANG_WARN__DUPLICATE_METHOD_MATCH = YES;
				"CODE_SIGN_IDENTITY[sdk=iphoneos*]" = "iPhone Developer";
				COPY_PHASE_STRIP = NO;
				DEBUG_INFORMATION_FORMAT = "dwarf-with-dsym";
				ENABLE_NS_ASSERTIONS = NO;
				ENABLE_STRICT_OBJC_MSGSEND = YES;
				GCC_C_LANGUAGE_STANDARD = gnu99;
				GCC_NO_COMMON_BLOCKS = YES;
				GCC_WARN_64_TO_32_BIT_CONVERSION = YES;
				GCC_WARN_ABOUT_RETURN_TYPE = YES_ERROR;
				GCC_WARN_UNDECLARED_SELECTOR = YES;
				GCC_WARN_UNINITIALIZED_AUTOS = YES_AGGRESSIVE;
				GCC_WARN_UNUSED_FUNCTION = YES;
				GCC_WARN_UNUSED_VARIABLE = YES;
				IPHONEOS_DEPLOYMENT_TARGET = 8.3;
				MTL_ENABLE_DEBUG_INFO = NO;
				SDKROOT = iphoneos;
				VALIDATE_PRODUCT = YES;
			};
			name = Release;
		};
		853E493D1B8C5E8F004F7D6F /* Debug */ = {
			isa = XCBuildConfiguration;
			buildSettings = {
				ASSETCATALOG_COMPILER_APPICON_NAME = AppIcon;
				INFOPLIST_FILE = "Demo03-GitHub-Test/Info.plist";
				LD_RUNPATH_SEARCH_PATHS = "$(inherited) @executable_path/Frameworks";
				PRODUCT_NAME = "$(TARGET_NAME)";
			};
			name = Debug;
		};
		853E493E1B8C5E8F004F7D6F /* Release */ = {
			isa = XCBuildConfiguration;
			buildSettings = {
				ASSETCATALOG_COMPILER_APPICON_NAME = AppIcon;
				INFOPLIST_FILE = "Demo03-GitHub-Test/Info.plist";
				LD_RUNPATH_SEARCH_PATHS = "$(inherited) @executable_path/Frameworks";
				PRODUCT_NAME = "$(TARGET_NAME)";
			};
			name = Release;
		};
		853E49401B8C5E8F004F7D6F /* Debug */ = {
			isa = XCBuildConfiguration;
			buildSettings = {
				BUNDLE_LOADER = "$(TEST_HOST)";
				FRAMEWORK_SEARCH_PATHS = (
					"$(SDKROOT)/Developer/Library/Frameworks",
					"$(inherited)",
				);
				GCC_PREPROCESSOR_DEFINITIONS = (
					"DEBUG=1",
					"$(inherited)",
				);
				INFOPLIST_FILE = "Demo03-GitHub-TestTests/Info.plist";
				LD_RUNPATH_SEARCH_PATHS = "$(inherited) @executable_path/Frameworks @loader_path/Frameworks";
				PRODUCT_NAME = "$(TARGET_NAME)";
				TEST_HOST = "$(BUILT_PRODUCTS_DIR)/Demo03-GitHub-Test.app/Demo03-GitHub-Test";
			};
			name = Debug;
		};
		853E49411B8C5E8F004F7D6F /* Release */ = {
			isa = XCBuildConfiguration;
			buildSettings = {
				BUNDLE_LOADER = "$(TEST_HOST)";
				FRAMEWORK_SEARCH_PATHS = (
					"$(SDKROOT)/Developer/Library/Frameworks",
					"$(inherited)",
				);
				INFOPLIST_FILE = "Demo03-GitHub-TestTests/Info.plist";
				LD_RUNPATH_SEARCH_PATHS = "$(inherited) @executable_path/Frameworks @loader_path/Frameworks";
				PRODUCT_NAME = "$(TARGET_NAME)";
				TEST_HOST = "$(BUILT_PRODUCTS_DIR)/Demo03-GitHub-Test.app/Demo03-GitHub-Test";
			};
			name = Release;
		};
/* End XCBuildConfiguration section */

/* Begin XCConfigurationList section */
		853E49141B8C5E8E004F7D6F /* Build configuration list for PBXProject "Demo03-GitHub-Test" */ = {
			isa = XCConfigurationList;
			buildConfigurations = (
				853E493A1B8C5E8F004F7D6F /* Debug */,
				853E493B1B8C5E8F004F7D6F /* Release */,
			);
			defaultConfigurationIsVisible = 0;
			defaultConfigurationName = Release;
		};
		853E493C1B8C5E8F004F7D6F /* Build configuration list for PBXNativeTarget "Demo03-GitHub-Test" */ = {
			isa = XCConfigurationList;
			buildConfigurations = (
				853E493D1B8C5E8F004F7D6F /* Debug */,
				853E493E1B8C5E8F004F7D6F /* Release */,
			);
			defaultConfigurationIsVisible = 0;
		};
		853E493F1B8C5E8F004F7D6F /* Build configuration list for PBXNativeTarget "Demo03-GitHub-TestTests" */ = {
			isa = XCConfigurationList;
			buildConfigurations = (
				853E49401B8C5E8F004F7D6F /* Debug */,
				853E49411B8C5E8F004F7D6F /* Release */,
			);
			defaultConfigurationIsVisible = 0;
		};
/* End XCConfigurationList section */
	};
	rootObject = 853E49111B8C5E8E004F7D6F /* Project object */;
}
